
Microsoft Visual Studio Solution File, Format Version 12.00
# Visual Studio Version 17
VisualStudioVersion = 17.14.36221.1
MinimumVisualStudioVersion = 10.0.40219.1
Project("{FAE04EC0-301F-11D3-BF4B-00C04F79EFBC}") = "Portfolio", "Portfolio\Portfolio.csproj", "{6C03A615-CF0F-407E-8EA1-843E6EFDB679}"
EndProject
Project("{FAE04EC0-301F-11D3-BF4B-00C04F79EFBC}") = "Cafe.Core", "Cafe.Core\Cafe.Core.csproj", "{6262E802-7D4E-4C4F-9F5C-0EB44D2B776C}"
EndProject
Project("{FAE04EC0-301F-11D3-BF4B-00C04F79EFBC}") = "Cafe.Data", "Cafe.Data\Cafe.Data.csproj", "{58B45720-A427-4C26-AE0E-B150474015C1}"
EndProject
Project("{FAE04EC0-301F-11D3-BF4B-00C04F79EFBC}") = "Cafe.BLL", "Cafe.BLL\Cafe.BLL.csproj", "{B0F8D713-C973-4877-BF3F-1C9EA00724E8}"
EndProject
Project("{FAE04EC0-301F-11D3-BF4B-00C04F79EFBC}") = "Cafe.Tests", "Cafe.Tests\Cafe.Tests.csproj", "{6384E274-3E41-4EE7-AB2E-DABFE45B0DAE}"
EndProject
Project("{FAE04EC0-301F-11D3-BF4B-00C04F79EFBC}") = "Airport.Core", "Airport.Core\Airport.Core.csproj", "{9092C509-1F6B-4DD9-92FF-C6D7ADE0097D}"
EndProject
Project("{FAE04EC0-301F-11D3-BF4B-00C04F79EFBC}") = "Airport.Tests", "Airport.Tests\Airport.Tests.csproj", "{A0C12DFD-62AD-4D5F-BF9F-FC9DCB5372E2}"
EndProject
Global
	GlobalSection(SolutionConfigurationPlatforms) = preSolution
		Debug|Any CPU = Debug|Any CPU
		Release|Any CPU = Release|Any CPU
	EndGlobalSection
	GlobalSection(ProjectConfigurationPlatforms) = postSolution
		{6C03A615-CF0F-407E-8EA1-843E6EFDB679}.Debug|Any CPU.ActiveCfg = Debug|Any CPU
		{6C03A615-CF0F-407E-8EA1-843E6EFDB679}.Debug|Any CPU.Build.0 = Debug|Any CPU
		{6C03A615-CF0F-407E-8EA1-843E6EFDB679}.Release|Any CPU.ActiveCfg = Release|Any CPU
		{6C03A615-CF0F-407E-8EA1-843E6EFDB679}.Release|Any CPU.Build.0 = Release|Any CPU
		{6262E802-7D4E-4C4F-9F5C-0EB44D2B776C}.Debug|Any CPU.ActiveCfg = Debug|Any CPU
		{6262E802-7D4E-4C4F-9F5C-0EB44D2B776C}.Debug|Any CPU.Build.0 = Debug|Any CPU
		{6262E802-7D4E-4C4F-9F5C-0EB44D2B776C}.Release|Any CPU.ActiveCfg = Release|Any CPU
		{6262E802-7D4E-4C4F-9F5C-0EB44D2B776C}.Release|Any CPU.Build.0 = Release|Any CPU
		{58B45720-A427-4C26-AE0E-B150474015C1}.Debug|Any CPU.ActiveCfg = Debug|Any CPU
		{58B45720-A427-4C26-AE0E-B150474015C1}.Debug|Any CPU.Build.0 = Debug|Any CPU
		{58B45720-A427-4C26-AE0E-B150474015C1}.Release|Any CPU.ActiveCfg = Release|Any CPU
		{58B45720-A427-4C26-AE0E-B150474015C1}.Release|Any CPU.Build.0 = Release|Any CPU
		{B0F8D713-C973-4877-BF3F-1C9EA00724E8}.Debug|Any CPU.ActiveCfg = Debug|Any CPU
		{B0F8D713-C973-4877-BF3F-1C9EA00724E8}.Debug|Any CPU.Build.0 = Debug|Any CPU
		{B0F8D713-C973-4877-BF3F-1C9EA00724E8}.Release|Any CPU.ActiveCfg = Release|Any CPU
		{B0F8D713-C973-4877-BF3F-1C9EA00724E8}.Release|Any CPU.Build.0 = Release|Any CPU
		{6384E274-3E41-4EE7-AB2E-DABFE45B0DAE}.Debug|Any CPU.ActiveCfg = Debug|Any CPU
		{6384E274-3E41-4EE7-AB2E-DABFE45B0DAE}.Debug|Any CPU.Build.0 = Debug|Any CPU
		{6384E274-3E41-4EE7-AB2E-DABFE45B0DAE}.Release|Any CPU.ActiveCfg = Release|Any CPU
		{6384E274-3E41-4EE7-AB2E-DABFE45B0DAE}.Release|Any CPU.Build.0 = Release|Any CPU
		{9092C509-1F6B-4DD9-92FF-C6D7ADE0097D}.Debug|Any CPU.ActiveCfg = Debug|Any CPU
		{9092C509-1F6B-4DD9-92FF-C6D7ADE0097D}.Debug|Any CPU.Build.0 = Debug|Any CPU
		{9092C509-1F6B-4DD9-92FF-C6D7ADE0097D}.Release|Any CPU.ActiveCfg = Release|Any CPU
		{9092C509-1F6B-4DD9-92FF-C6D7ADE0097D}.Release|Any CPU.Build.0 = Release|Any CPU
		{A0C12DFD-62AD-4D5F-BF9F-FC9DCB5372E2}.Debug|Any CPU.ActiveCfg = Debug|Any CPU
		{A0C12DFD-62AD-4D5F-BF9F-FC9DCB5372E2}.Debug|Any CPU.Build.0 = Debug|Any CPU
		{A0C12DFD-62AD-4D5F-BF9F-FC9DCB5372E2}.Release|Any CPU.ActiveCfg = Release|Any CPU
		{A0C12DFD-62AD-4D5F-BF9F-FC9DCB5372E2}.Release|Any CPU.Build.0 = Release|Any CPU
	EndGlobalSection
	GlobalSection(SolutionProperties) = preSolution
		HideSolutionNode = FALSE
	EndGlobalSection
	GlobalSection(ExtensibilityGlobals) = postSolution
		SolutionGuid = {884B00E2-44C7-4925-973F-13D5B3763620}
	EndGlobalSection
EndGlobal
